
Microsoft Visual Studio Solution File, Format Version 12.00
# Visual Studio Version 17
VisualStudioVersion = 17.0.31903.59
MinimumVisualStudioVersion = 10.0.40219.1
Project("{2150E333-8FDC-42A3-9474-1A3956D46DE8}") = "mailProtocols", "mailProtocols", "{28F5BC1B-C2F9-4F23-B8A8-344C2B99CA7D}"
EndProject
Project("{FAE04EC0-301F-11D3-BF4B-00C04F79EFBC}") = "SMTPserver", "mailProtocols\SMTPserver\SMTPserver.csproj", "{9396B40A-9000-4E15-884F-74ABAC125D58}"
EndProject
Project("{FAE04EC0-301F-11D3-BF4B-00C04F79EFBC}") = "POP3client", "..\POP3client\POP3client.csproj", "{C3A33EA7-DEF2-4AD0-A6A0-C28C3036B144}"
EndProject
Project("{FAE04EC0-301F-11D3-BF4B-00C04F79EFBC}") = "IMAPclient", "IMAPclient\IMAPclient.csproj", "{C1C54462-DFB7-4211-925A-36AD3B99C20C}"
EndProject
Project("{FAE04EC0-301F-11D3-BF4B-00C04F79EFBC}") = "mailServer", "mailServer\mailServer.csproj", "{2B1DD130-C3BE-407F-A884-74A4B79CE7BE}"
EndProject
Global
	GlobalSection(SolutionConfigurationPlatforms) = preSolution
		Debug|Any CPU = Debug|Any CPU
		Release|Any CPU = Release|Any CPU
	EndGlobalSection
	GlobalSection(SolutionProperties) = preSolution
		HideSolutionNode = FALSE
	EndGlobalSection
	GlobalSection(ProjectConfigurationPlatforms) = postSolution
		{9396B40A-9000-4E15-884F-74ABAC125D58}.Debug|Any CPU.ActiveCfg = Debug|Any CPU
		{9396B40A-9000-4E15-884F-74ABAC125D58}.Debug|Any CPU.Build.0 = Debug|Any CPU
		{9396B40A-9000-4E15-884F-74ABAC125D58}.Release|Any CPU.ActiveCfg = Release|Any CPU
		{9396B40A-9000-4E15-884F-74ABAC125D58}.Release|Any CPU.Build.0 = Release|Any CPU
		{C3A33EA7-DEF2-4AD0-A6A0-C28C3036B144}.Debug|Any CPU.ActiveCfg = Debug|Any CPU
		{C3A33EA7-DEF2-4AD0-A6A0-C28C3036B144}.Debug|Any CPU.Build.0 = Debug|Any CPU
		{C3A33EA7-DEF2-4AD0-A6A0-C28C3036B144}.Release|Any CPU.ActiveCfg = Release|Any CPU
		{C3A33EA7-DEF2-4AD0-A6A0-C28C3036B144}.Release|Any CPU.Build.0 = Release|Any CPU
		{C1C54462-DFB7-4211-925A-36AD3B99C20C}.Debug|Any CPU.ActiveCfg = Debug|Any CPU
		{C1C54462-DFB7-4211-925A-36AD3B99C20C}.Debug|Any CPU.Build.0 = Debug|Any CPU
		{C1C54462-DFB7-4211-925A-36AD3B99C20C}.Release|Any CPU.ActiveCfg = Release|Any CPU
		{C1C54462-DFB7-4211-925A-36AD3B99C20C}.Release|Any CPU.Build.0 = Release|Any CPU
		{2B1DD130-C3BE-407F-A884-74A4B79CE7BE}.Debug|Any CPU.ActiveCfg = Debug|Any CPU
		{2B1DD130-C3BE-407F-A884-74A4B79CE7BE}.Debug|Any CPU.Build.0 = Debug|Any CPU
		{2B1DD130-C3BE-407F-A884-74A4B79CE7BE}.Release|Any CPU.ActiveCfg = Release|Any CPU
		{2B1DD130-C3BE-407F-A884-74A4B79CE7BE}.Release|Any CPU.Build.0 = Release|Any CPU
	EndGlobalSection
	GlobalSection(NestedProjects) = preSolution
		{9396B40A-9000-4E15-884F-74ABAC125D58} = {28F5BC1B-C2F9-4F23-B8A8-344C2B99CA7D}
	EndGlobalSection
EndGlobal
